
Microsoft Visual Studio Solution File, Format Version 12.00
# Visual Studio 2012
Project("{8BC9CEB8-8B4A-11D0-8D11-00A0C91BC942}") = "HelloWorld", "HelloWorld\HelloWorld.vcxproj", "{A61220E6-55DC-4D85-8B1B-5EE2B0EF98F2}"
EndProject
Project("{8BC9CEB8-8B4A-11D0-8D11-00A0C91BC942}") = "LinkedList", "LinkedList\LinkedList.vcxproj", "{D5AEAC9B-B048-45DA-B1BA-571BB3B2B511}"
EndProject
Project("{8BC9CEB8-8B4A-11D0-8D11-00A0C91BC942}") = "BitManipulation", "BitManipulation\BitManipulation.vcxproj", "{6200EEBC-4AFB-4568-A5E9-D7BEA14B2385}"
EndProject
Project("{8BC9CEB8-8B4A-11D0-8D11-00A0C91BC942}") = "Strings", "Strings\Strings.vcxproj", "{2628F1E4-4BC0-4B67-8303-1660C73DD0F1}"
EndProject
Project("{8BC9CEB8-8B4A-11D0-8D11-00A0C91BC942}") = "Sorting", "Sorting\Sorting.vcxproj", "{6F70D538-7215-4843-ADEC-1B2AFF91E6EB}"
EndProject
Project("{8BC9CEB8-8B4A-11D0-8D11-00A0C91BC942}") = "Trees", "TreesAndGraphs\TreesAndGraphs.vcxproj", "{84BA77C6-33FE-47F0-AF86-A51D1401093A}"
EndProject
Project("{8BC9CEB8-8B4A-11D0-8D11-00A0C91BC942}") = "StacksAndQueues", "StacksAndQueues\StacksAndQueues.vcxproj", "{A676FBB0-4378-44DB-86BD-8475D7ADD067}"
EndProject
Project("{8BC9CEB8-8B4A-11D0-8D11-00A0C91BC942}") = "Misc", "Misc\Misc.vcxproj", "{800066B9-D141-4F5E-9D68-B6E1904342D9}"
EndProject
Project("{8BC9CEB8-8B4A-11D0-8D11-00A0C91BC942}") = "Graphs", "Graphs\Graphs.vcxproj", "{F94DE1DA-87FC-4071-9C26-662383C5F444}"
EndProject
Global
	GlobalSection(SolutionConfigurationPlatforms) = preSolution
		Debug|Win32 = Debug|Win32
		Release|Win32 = Release|Win32
	EndGlobalSection
	GlobalSection(ProjectConfigurationPlatforms) = postSolution
		{A61220E6-55DC-4D85-8B1B-5EE2B0EF98F2}.Debug|Win32.ActiveCfg = Debug|Win32
		{A61220E6-55DC-4D85-8B1B-5EE2B0EF98F2}.Debug|Win32.Build.0 = Debug|Win32
		{A61220E6-55DC-4D85-8B1B-5EE2B0EF98F2}.Release|Win32.ActiveCfg = Release|Win32
		{A61220E6-55DC-4D85-8B1B-5EE2B0EF98F2}.Release|Win32.Build.0 = Release|Win32
		{D5AEAC9B-B048-45DA-B1BA-571BB3B2B511}.Debug|Win32.ActiveCfg = Debug|Win32
		{D5AEAC9B-B048-45DA-B1BA-571BB3B2B511}.Debug|Win32.Build.0 = Debug|Win32
		{D5AEAC9B-B048-45DA-B1BA-571BB3B2B511}.Release|Win32.ActiveCfg = Release|Win32
		{D5AEAC9B-B048-45DA-B1BA-571BB3B2B511}.Release|Win32.Build.0 = Release|Win32
		{6200EEBC-4AFB-4568-A5E9-D7BEA14B2385}.Debug|Win32.ActiveCfg = Debug|Win32
		{6200EEBC-4AFB-4568-A5E9-D7BEA14B2385}.Debug|Win32.Build.0 = Debug|Win32
		{6200EEBC-4AFB-4568-A5E9-D7BEA14B2385}.Release|Win32.ActiveCfg = Release|Win32
		{6200EEBC-4AFB-4568-A5E9-D7BEA14B2385}.Release|Win32.Build.0 = Release|Win32
		{2628F1E4-4BC0-4B67-8303-1660C73DD0F1}.Debug|Win32.ActiveCfg = Debug|Win32
		{2628F1E4-4BC0-4B67-8303-1660C73DD0F1}.Debug|Win32.Build.0 = Debug|Win32
		{2628F1E4-4BC0-4B67-8303-1660C73DD0F1}.Release|Win32.ActiveCfg = Release|Win32
		{2628F1E4-4BC0-4B67-8303-1660C73DD0F1}.Release|Win32.Build.0 = Release|Win32
		{6F70D538-7215-4843-ADEC-1B2AFF91E6EB}.Debug|Win32.ActiveCfg = Debug|Win32
		{6F70D538-7215-4843-ADEC-1B2AFF91E6EB}.Debug|Win32.Build.0 = Debug|Win32
		{6F70D538-7215-4843-ADEC-1B2AFF91E6EB}.Release|Win32.ActiveCfg = Release|Win32
		{6F70D538-7215-4843-ADEC-1B2AFF91E6EB}.Release|Win32.Build.0 = Release|Win32
		{84BA77C6-33FE-47F0-AF86-A51D1401093A}.Debug|Win32.ActiveCfg = Debug|Win32
		{84BA77C6-33FE-47F0-AF86-A51D1401093A}.Debug|Win32.Build.0 = Debug|Win32
		{84BA77C6-33FE-47F0-AF86-A51D1401093A}.Release|Win32.ActiveCfg = Release|Win32
		{84BA77C6-33FE-47F0-AF86-A51D1401093A}.Release|Win32.Build.0 = Release|Win32
		{A676FBB0-4378-44DB-86BD-8475D7ADD067}.Debug|Win32.ActiveCfg = Debug|Win32
		{A676FBB0-4378-44DB-86BD-8475D7ADD067}.Debug|Win32.Build.0 = Debug|Win32
		{A676FBB0-4378-44DB-86BD-8475D7ADD067}.Release|Win32.ActiveCfg = Release|Win32
		{A676FBB0-4378-44DB-86BD-8475D7ADD067}.Release|Win32.Build.0 = Release|Win32
		{800066B9-D141-4F5E-9D68-B6E1904342D9}.Debug|Win32.ActiveCfg = Debug|Win32
		{800066B9-D141-4F5E-9D68-B6E1904342D9}.Debug|Win32.Build.0 = Debug|Win32
		{800066B9-D141-4F5E-9D68-B6E1904342D9}.Release|Win32.ActiveCfg = Release|Win32
		{800066B9-D141-4F5E-9D68-B6E1904342D9}.Release|Win32.Build.0 = Release|Win32
		{F94DE1DA-87FC-4071-9C26-662383C5F444}.Debug|Win32.ActiveCfg = Debug|Win32
		{F94DE1DA-87FC-4071-9C26-662383C5F444}.Debug|Win32.Build.0 = Debug|Win32
		{F94DE1DA-87FC-4071-9C26-662383C5F444}.Release|Win32.ActiveCfg = Release|Win32
		{F94DE1DA-87FC-4071-9C26-662383C5F444}.Release|Win32.Build.0 = Release|Win32
	EndGlobalSection
	GlobalSection(SolutionProperties) = preSolution
		HideSolutionNode = FALSE
	EndGlobalSection
EndGlobal
